
Microsoft Visual Studio Solution File, Format Version 12.00
# Visual Studio Version 17
VisualStudioVersion = 17.9.34728.123
MinimumVisualStudioVersion = 10.0.40219.1
Project("{9A19103F-16F7-4668-BE54-9A1E7A4F7556}") = "EventBooking.API", "EventBooking\EventBooking.API.csproj", "{820E5099-E218-4F69-B7FC-038F39D8C9CC}"
EndProject
Project("{9A19103F-16F7-4668-BE54-9A1E7A4F7556}") = "EventBooking.Application", "EventBooking.Application\EventBooking.Application.csproj", "{F4674777-EC8E-4469-88BE-D94C67D4709A}"
EndProject
Project("{9A19103F-16F7-4668-BE54-9A1E7A4F7556}") = "EventBooking.Domain", "EventBooking.Domain\EventBooking.Domain.csproj", "{FE874F97-A6E6-42B1-8A8F-7C296A8B9363}"
EndProject
Project("{9A19103F-16F7-4668-BE54-9A1E7A4F7556}") = "EventBooking.Infrastructure", "EventBooking.Infrastructure\EventBooking.Infrastructure.csproj", "{90F5D00B-E1A5-4B0C-BBF7-A33FEBF8209B}"
EndProject
Global
	GlobalSection(SolutionConfigurationPlatforms) = preSolution
		Debug|Any CPU = Debug|Any CPU
		Release|Any CPU = Release|Any CPU
	EndGlobalSection
	GlobalSection(ProjectConfigurationPlatforms) = postSolution
		{820E5099-E218-4F69-B7FC-038F39D8C9CC}.Debug|Any CPU.ActiveCfg = Debug|Any CPU
		{820E5099-E218-4F69-B7FC-038F39D8C9CC}.Debug|Any CPU.Build.0 = Debug|Any CPU
		{820E5099-E218-4F69-B7FC-038F39D8C9CC}.Release|Any CPU.ActiveCfg = Release|Any CPU
		{820E5099-E218-4F69-B7FC-038F39D8C9CC}.Release|Any CPU.Build.0 = Release|Any CPU
		{F4674777-EC8E-4469-88BE-D94C67D4709A}.Debug|Any CPU.ActiveCfg = Debug|Any CPU
		{F4674777-EC8E-4469-88BE-D94C67D4709A}.Debug|Any CPU.Build.0 = Debug|Any CPU
		{F4674777-EC8E-4469-88BE-D94C67D4709A}.Release|Any CPU.ActiveCfg = Release|Any CPU
		{F4674777-EC8E-4469-88BE-D94C67D4709A}.Release|Any CPU.Build.0 = Release|Any CPU
		{FE874F97-A6E6-42B1-8A8F-7C296A8B9363}.Debug|Any CPU.ActiveCfg = Debug|Any CPU
		{FE874F97-A6E6-42B1-8A8F-7C296A8B9363}.Debug|Any CPU.Build.0 = Debug|Any CPU
		{FE874F97-A6E6-42B1-8A8F-7C296A8B9363}.Release|Any CPU.ActiveCfg = Release|Any CPU
		{FE874F97-A6E6-42B1-8A8F-7C296A8B9363}.Release|Any CPU.Build.0 = Release|Any CPU
		{90F5D00B-E1A5-4B0C-BBF7-A33FEBF8209B}.Debug|Any CPU.ActiveCfg = Debug|Any CPU
		{90F5D00B-E1A5-4B0C-BBF7-A33FEBF8209B}.Debug|Any CPU.Build.0 = Debug|Any CPU
		{90F5D00B-E1A5-4B0C-BBF7-A33FEBF8209B}.Release|Any CPU.ActiveCfg = Release|Any CPU
		{90F5D00B-E1A5-4B0C-BBF7-A33FEBF8209B}.Release|Any CPU.Build.0 = Release|Any CPU
	EndGlobalSection
	GlobalSection(SolutionProperties) = preSolution
		HideSolutionNode = FALSE
	EndGlobalSection
	GlobalSection(ExtensibilityGlobals) = postSolution
		SolutionGuid = {1738C3A7-4CE4-4BD2-B79B-A9E1EA5E6E57}
	EndGlobalSection
EndGlobal
